[{<<"cowboy">>,
  {git,"https://github.com/extend/cowboy.git",
       {ref,"b8e4115eb13488c517d8d8ef33c47d0eaa7838c6"}},
  0},
 {<<"cowboy_cors">>,
  {git,"https://github.com/danielwhite/cowboy_cors",
       {ref,"62fc0ad2cfda41e555e08a6a964d281515b66a93"}},
  0},
 {<<"cowlib">>,
  {git,"https://github.com/ninenines/cowlib.git",
       {ref,"d544a494af4dbc810fc9c15eaf5cc050cced1501"}},
  1},
 {<<"epgsql">>,
  {git,"https://github.com/jlouis/epgsql.git",
       {ref,"19d09392f230fab80168b33fe9a3b88cd8611306"}},
  1},
 {<<"glicko2">>,
  {git,"https://github.com/jlouis/erl-glicko2.git",
       {ref,"e026dcf2504a5a8bf5ce3be123264af70452405d"}},
  1},
 {<<"goldrush">>,
  {git,"git://github.com/DeadZen/goldrush.git",
       {ref,"64864ba7fcf40988361340e48680b49a2c2938cf"}},
  1},
 {<<"gproc">>,
  {git,"https://github.com/uwiger/gproc.git",
       {ref,"2b1b9ac870416469097af695de413afd5e78f66c"}},
  1},
 {<<"hackney">>,
  {git,"https://github.com/benoitc/hackney.git",
       {ref,"b29a643c572bb83f8089bd57c373e7aaf1e86608"}},
  1},
 {<<"idna">>,{pkg,<<"idna">>,<<"1.0.2">>},2},
 {<<"jsx">>,
  {git,"https://github.com/talentdeficit/jsx.git",
       {ref,"9d4534edc57686f28e16c5b1f6902a7e99c8b035"}},
  0},
 {<<"lager">>,
  {git,"https://github.com/basho/lager.git",
       {ref,"cbf6679c6a693772fd1629c9cdc093e4c6c4ebf8"}},
  0},
 {<<"poolboy">>,
  {git,"https://github.com/devinus/poolboy.git",
       {ref,"3bb48a893ff5598f7c73731ac17545206d259fac"}},
  1},
 {<<"qlglicko_core">>,
  {git,"git@github.com:jlouis/qlglicko_core.git",
       {ref,"c1dddd051140b077c8b1a1765236c3bdb042bcbc"}},
  0},
 {<<"quickrand">>,
  {git,"https://github.com/okeuday/quickrand.git",
       {ref,"49aa03828233b2fec398ea4244a568aeac827dd8"}},
  2},
 {<<"ranch">>,
  {git,"https://github.com/ninenines/ranch.git",
       {ref,"adf1822defc2b7cfdc7aca112adabfa1d614043c"}},
  1},
 {<<"safetyvalve">>,
  {git,"https://github.com/jlouis/safetyvalve.git",
       {ref,"ebb1e1feec8008f25ac10224f08ab727251cfdb3"}},
  1},
 {<<"ssl_verify_hostname">>,{pkg,<<"ssl_verify_hostname">>,<<"1.0.5">>},2},
 {<<"uuid">>,
  {git,"https://github.com/okeuday/uuid",
       {ref,"6bc38507460c821321d66504d3f8d6c1cdb57d98"}},
  1}].
